github.com/agungphe/belajarmodule v1.0.0 h1:WpUoVqFhghAwBMbKWA66qDP8rnAcHaNFPaElX8MFIgU=
github.com/agungphe/belajarmodule v1.0.0/go.mod h1:fDPFkBTGnAYIxvQhZjDYLfHD2Sb7e8YEJDIVFnvwIdY=
github.com/agungphe/belajarmodule v1.0.1 h1:tZ8xZfxMZJXNzTThMlPEB3ftG2NIUoGDRqQK1yE/gH8=
github.com/agungphe/belajarmodule v1.0.1/go.mod h1:fDPFkBTGnAYIxvQhZjDYLfHD2Sb7e8YEJDIVFnvwIdY=
